
Microsoft Visual Studio Solution File, Format Version 12.00
# Visual Studio Version 17
VisualStudioVersion = 17.9.34902.65
MinimumVisualStudioVersion = 10.0.40219.1
Project("{FAE04EC0-301F-11D3-BF4B-00C04F79EFBC}") = "MAPF_System_2", "MAPF_System\MAPF_System_2.csproj", "{99D131A9-1FFF-4CC4-81EF-A160F88B6712}"
EndProject
Global
	GlobalSection(SolutionConfigurationPlatforms) = preSolution
		Debug|Any CPU = Debug|Any CPU
		Release|Any CPU = Release|Any CPU
	EndGlobalSection
	GlobalSection(ProjectConfigurationPlatforms) = postSolution
		{99D131A9-1FFF-4CC4-81EF-A160F88B6712}.Debug|Any CPU.ActiveCfg = Debug|Any CPU
		{99D131A9-1FFF-4CC4-81EF-A160F88B6712}.Debug|Any CPU.Build.0 = Debug|Any CPU
		{99D131A9-1FFF-4CC4-81EF-A160F88B6712}.Release|Any CPU.ActiveCfg = Release|Any CPU
		{99D131A9-1FFF-4CC4-81EF-A160F88B6712}.Release|Any CPU.Build.0 = Release|Any CPU
	EndGlobalSection
	GlobalSection(SolutionProperties) = preSolution
		HideSolutionNode = FALSE
	EndGlobalSection
	GlobalSection(ExtensibilityGlobals) = postSolution
		SolutionGuid = {ABC87238-227C-4179-A336-DF85F1A2281A}
	EndGlobalSection
EndGlobal
